github.com/jgthms/bulma v0.0.0-20230818164217-fa1d448c1f5b h1:ZhFdUmudeBp0jvW9yGcebyvwZSvnscgzbT6/ZQHrT20=
github.com/jgthms/bulma v0.0.0-20230818164217-fa1d448c1f5b/go.mod h1:89FLBKXYFKfOKAoDeUT26V0pHGwzr205cMXAEqtAVOI=
github.com/twbs/icons v1.11.1 h1:lMKkMwupTDfBJWXx6RFLwfYuCmqG/uUAu2LaOf7bZjU=
github.com/twbs/icons v1.11.1/go.mod h1:GnRlymgVWp5iVJCMa0Me5b6tFyGpVc2bSxPMRGIJmyA=
